
Microsoft Visual Studio Solution File, Format Version 12.00
# Visual Studio Version 17
VisualStudioVersion = 17.2.32526.322
MinimumVisualStudioVersion = 10.0.40219.1
Project("{FAE04EC0-301F-11D3-BF4B-00C04F79EFBC}") = "TrackBar_kontrola", "TrackBar_kontrola\TrackBar_kontrola.csproj", "{A5FCE311-87B4-4F54-86BF-88FB1EFBB55D}"
EndProject
Global
	GlobalSection(SolutionConfigurationPlatforms) = preSolution
		Debug|Any CPU = Debug|Any CPU
		Release|Any CPU = Release|Any CPU
	EndGlobalSection
	GlobalSection(ProjectConfigurationPlatforms) = postSolution
		{A5FCE311-87B4-4F54-86BF-88FB1EFBB55D}.Debug|Any CPU.ActiveCfg = Debug|Any CPU
		{A5FCE311-87B4-4F54-86BF-88FB1EFBB55D}.Debug|Any CPU.Build.0 = Debug|Any CPU
		{A5FCE311-87B4-4F54-86BF-88FB1EFBB55D}.Release|Any CPU.ActiveCfg = Release|Any CPU
		{A5FCE311-87B4-4F54-86BF-88FB1EFBB55D}.Release|Any CPU.Build.0 = Release|Any CPU
	EndGlobalSection
	GlobalSection(SolutionProperties) = preSolution
		HideSolutionNode = FALSE
	EndGlobalSection
	GlobalSection(ExtensibilityGlobals) = postSolution
		SolutionGuid = {EC5B0083-58BF-4093-8B00-EAD41D338295}
	EndGlobalSection
EndGlobal
